
Microsoft Visual Studio Solution File, Format Version 12.00
# Visual Studio Version 17
VisualStudioVersion = 17.0.31903.59
MinimumVisualStudioVersion = 10.0.40219.1
Project("{2150E333-8FDC-42A3-9474-1A3956D46DE8}") = "src", "src", "{827E0CD3-B72D-47B6-A68D-7590B98EB39B}"
EndProject
Project("{FAE04EC0-301F-11D3-BF4B-00C04F79EFBC}") = "ForgeGate.Domain", "src\ForgeGate.Domain\ForgeGate.Domain.csproj", "{F7F1FC72-AD83-4348-B837-05F3CB0C2E57}"
EndProject
Project("{FAE04EC0-301F-11D3-BF4B-00C04F79EFBC}") = "ForgeGate.Application", "src\ForgeGate.Application\ForgeGate.Application.csproj", "{8E431D48-C8C1-44CA-B1DC-B073E7CB51F0}"
EndProject
Project("{FAE04EC0-301F-11D3-BF4B-00C04F79EFBC}") = "ForgeGate.Infrastructure", "src\ForgeGate.Infrastructure\ForgeGate.Infrastructure.csproj", "{F772D10B-26A0-4D6E-A4F5-68D7A7BC9451}"
EndProject
Project("{FAE04EC0-301F-11D3-BF4B-00C04F79EFBC}") = "ForgeGate.Api", "src\ForgeGate.Api\ForgeGate.Api.csproj", "{EBF87921-0A9F-43D4-A695-E4497800BA29}"
EndProject
Project("{2150E333-8FDC-42A3-9474-1A3956D46DE8}") = "tests", "tests", "{0AB3BF05-4346-4AA6-1389-037BE0695223}"
EndProject
Project("{FAE04EC0-301F-11D3-BF4B-00C04F79EFBC}") = "ForgeGate.Domain.Tests", "tests\ForgeGate.Domain.Tests\ForgeGate.Domain.Tests.csproj", "{595265E3-CC8F-4647-A95B-5C89D01661DF}"
EndProject
Project("{FAE04EC0-301F-11D3-BF4B-00C04F79EFBC}") = "ForgeGate.Application.Tests", "tests\ForgeGate.Application.Tests\ForgeGate.Application.Tests.csproj", "{997D0B1C-0A5D-417B-A64B-51A0805BAF7C}"
EndProject
Project("{FAE04EC0-301F-11D3-BF4B-00C04F79EFBC}") = "ForgeGate.IntegrationTests", "tests\ForgeGate.IntegrationTests\ForgeGate.IntegrationTests.csproj", "{B1E8717A-91EC-40EE-AD6E-3EFAD4793098}"
EndProject
Global
	GlobalSection(SolutionConfigurationPlatforms) = preSolution
		Debug|Any CPU = Debug|Any CPU
		Debug|x64 = Debug|x64
		Debug|x86 = Debug|x86
		Release|Any CPU = Release|Any CPU
		Release|x64 = Release|x64
		Release|x86 = Release|x86
	EndGlobalSection
	GlobalSection(ProjectConfigurationPlatforms) = postSolution
		{F7F1FC72-AD83-4348-B837-05F3CB0C2E57}.Debug|Any CPU.ActiveCfg = Debug|Any CPU
		{F7F1FC72-AD83-4348-B837-05F3CB0C2E57}.Debug|Any CPU.Build.0 = Debug|Any CPU
		{F7F1FC72-AD83-4348-B837-05F3CB0C2E57}.Debug|x64.ActiveCfg = Debug|Any CPU
		{F7F1FC72-AD83-4348-B837-05F3CB0C2E57}.Debug|x64.Build.0 = Debug|Any CPU
		{F7F1FC72-AD83-4348-B837-05F3CB0C2E57}.Debug|x86.ActiveCfg = Debug|Any CPU
		{F7F1FC72-AD83-4348-B837-05F3CB0C2E57}.Debug|x86.Build.0 = Debug|Any CPU
		{F7F1FC72-AD83-4348-B837-05F3CB0C2E57}.Release|Any CPU.ActiveCfg = Release|Any CPU
		{F7F1FC72-AD83-4348-B837-05F3CB0C2E57}.Release|Any CPU.Build.0 = Release|Any CPU
		{F7F1FC72-AD83-4348-B837-05F3CB0C2E57}.Release|x64.ActiveCfg = Release|Any CPU
		{F7F1FC72-AD83-4348-B837-05F3CB0C2E57}.Release|x64.Build.0 = Release|Any CPU
		{F7F1FC72-AD83-4348-B837-05F3CB0C2E57}.Release|x86.ActiveCfg = Release|Any CPU
		{F7F1FC72-AD83-4348-B837-05F3CB0C2E57}.Release|x86.Build.0 = Release|Any CPU
		{8E431D48-C8C1-44CA-B1DC-B073E7CB51F0}.Debug|Any CPU.ActiveCfg = Debug|Any CPU
		{8E431D48-C8C1-44CA-B1DC-B073E7CB51F0}.Debug|Any CPU.Build.0 = Debug|Any CPU
		{8E431D48-C8C1-44CA-B1DC-B073E7CB51F0}.Debug|x64.ActiveCfg = Debug|Any CPU
		{8E431D48-C8C1-44CA-B1DC-B073E7CB51F0}.Debug|x64.Build.0 = Debug|Any CPU
		{8E431D48-C8C1-44CA-B1DC-B073E7CB51F0}.Debug|x86.ActiveCfg = Debug|Any CPU
		{8E431D48-C8C1-44CA-B1DC-B073E7CB51F0}.Debug|x86.Build.0 = Debug|Any CPU
		{8E431D48-C8C1-44CA-B1DC-B073E7CB51F0}.Release|Any CPU.ActiveCfg = Release|Any CPU
		{8E431D48-C8C1-44CA-B1DC-B073E7CB51F0}.Release|Any CPU.Build.0 = Release|Any CPU
		{8E431D48-C8C1-44CA-B1DC-B073E7CB51F0}.Release|x64.ActiveCfg = Release|Any CPU
		{8E431D48-C8C1-44CA-B1DC-B073E7CB51F0}.Release|x64.Build.0 = Release|Any CPU
		{8E431D48-C8C1-44CA-B1DC-B073E7CB51F0}.Release|x86.ActiveCfg = Release|Any CPU
		{8E431D48-C8C1-44CA-B1DC-B073E7CB51F0}.Release|x86.Build.0 = Release|Any CPU
		{F772D10B-26A0-4D6E-A4F5-68D7A7BC9451}.Debug|Any CPU.ActiveCfg = Debug|Any CPU
		{F772D10B-26A0-4D6E-A4F5-68D7A7BC9451}.Debug|Any CPU.Build.0 = Debug|Any CPU
		{F772D10B-26A0-4D6E-A4F5-68D7A7BC9451}.Debug|x64.ActiveCfg = Debug|Any CPU
		{F772D10B-26A0-4D6E-A4F5-68D7A7BC9451}.Debug|x64.Build.0 = Debug|Any CPU
		{F772D10B-26A0-4D6E-A4F5-68D7A7BC9451}.Debug|x86.ActiveCfg = Debug|Any CPU
		{F772D10B-26A0-4D6E-A4F5-68D7A7BC9451}.Debug|x86.Build.0 = Debug|Any CPU
		{F772D10B-26A0-4D6E-A4F5-68D7A7BC9451}.Release|Any CPU.ActiveCfg = Release|Any CPU
		{F772D10B-26A0-4D6E-A4F5-68D7A7BC9451}.Release|Any CPU.Build.0 = Release|Any CPU
		{F772D10B-26A0-4D6E-A4F5-68D7A7BC9451}.Release|x64.ActiveCfg = Release|Any CPU
		{F772D10B-26A0-4D6E-A4F5-68D7A7BC9451}.Release|x64.Build.0 = Release|Any CPU
		{F772D10B-26A0-4D6E-A4F5-68D7A7BC9451}.Release|x86.ActiveCfg = Release|Any CPU
		{F772D10B-26A0-4D6E-A4F5-68D7A7BC9451}.Release|x86.Build.0 = Release|Any CPU
		{EBF87921-0A9F-43D4-A695-E4497800BA29}.Debug|Any CPU.ActiveCfg = Debug|Any CPU
		{EBF87921-0A9F-43D4-A695-E4497800BA29}.Debug|Any CPU.Build.0 = Debug|Any CPU
		{EBF87921-0A9F-43D4-A695-E4497800BA29}.Debug|x64.ActiveCfg = Debug|Any CPU
		{EBF87921-0A9F-43D4-A695-E4497800BA29}.Debug|x64.Build.0 = Debug|Any CPU
		{EBF87921-0A9F-43D4-A695-E4497800BA29}.Debug|x86.ActiveCfg = Debug|Any CPU
		{EBF87921-0A9F-43D4-A695-E4497800BA29}.Debug|x86.Build.0 = Debug|Any CPU
		{EBF87921-0A9F-43D4-A695-E4497800BA29}.Release|Any CPU.ActiveCfg = Release|Any CPU
		{EBF87921-0A9F-43D4-A695-E4497800BA29}.Release|Any CPU.Build.0 = Release|Any CPU
		{EBF87921-0A9F-43D4-A695-E4497800BA29}.Release|x64.ActiveCfg = Release|Any CPU
		{EBF87921-0A9F-43D4-A695-E4497800BA29}.Release|x64.Build.0 = Release|Any CPU
		{EBF87921-0A9F-43D4-A695-E4497800BA29}.Release|x86.ActiveCfg = Release|Any CPU
		{EBF87921-0A9F-43D4-A695-E4497800BA29}.Release|x86.Build.0 = Release|Any CPU
		{595265E3-CC8F-4647-A95B-5C89D01661DF}.Debug|Any CPU.ActiveCfg = Debug|Any CPU
		{595265E3-CC8F-4647-A95B-5C89D01661DF}.Debug|Any CPU.Build.0 = Debug|Any CPU
		{595265E3-CC8F-4647-A95B-5C89D01661DF}.Debug|x64.ActiveCfg = Debug|Any CPU
		{595265E3-CC8F-4647-A95B-5C89D01661DF}.Debug|x64.Build.0 = Debug|Any CPU
		{595265E3-CC8F-4647-A95B-5C89D01661DF}.Debug|x86.ActiveCfg = Debug|Any CPU
		{595265E3-CC8F-4647-A95B-5C89D01661DF}.Debug|x86.Build.0 = Debug|Any CPU
		{595265E3-CC8F-4647-A95B-5C89D01661DF}.Release|Any CPU.ActiveCfg = Release|Any CPU
		{595265E3-CC8F-4647-A95B-5C89D01661DF}.Release|Any CPU.Build.0 = Release|Any CPU
		{595265E3-CC8F-4647-A95B-5C89D01661DF}.Release|x64.ActiveCfg = Release|Any CPU
		{595265E3-CC8F-4647-A95B-5C89D01661DF}.Release|x64.Build.0 = Release|Any CPU
		{595265E3-CC8F-4647-A95B-5C89D01661DF}.Release|x86.ActiveCfg = Release|Any CPU
		{595265E3-CC8F-4647-A95B-5C89D01661DF}.Release|x86.Build.0 = Release|Any CPU
		{997D0B1C-0A5D-417B-A64B-51A0805BAF7C}.Debug|Any CPU.ActiveCfg = Debug|Any CPU
		{997D0B1C-0A5D-417B-A64B-51A0805BAF7C}.Debug|Any CPU.Build.0 = Debug|Any CPU
		{997D0B1C-0A5D-417B-A64B-51A0805BAF7C}.Debug|x64.ActiveCfg = Debug|Any CPU
		{997D0B1C-0A5D-417B-A64B-51A0805BAF7C}.Debug|x64.Build.0 = Debug|Any CPU
		{997D0B1C-0A5D-417B-A64B-51A0805BAF7C}.Debug|x86.ActiveCfg = Debug|Any CPU
		{997D0B1C-0A5D-417B-A64B-51A0805BAF7C}.Debug|x86.Build.0 = Debug|Any CPU
		{997D0B1C-0A5D-417B-A64B-51A0805BAF7C}.Release|Any CPU.ActiveCfg = Release|Any CPU
		{997D0B1C-0A5D-417B-A64B-51A0805BAF7C}.Release|Any CPU.Build.0 = Release|Any CPU
		{997D0B1C-0A5D-417B-A64B-51A0805BAF7C}.Release|x64.ActiveCfg = Release|Any CPU
		{997D0B1C-0A5D-417B-A64B-51A0805BAF7C}.Release|x64.Build.0 = Release|Any CPU
		{997D0B1C-0A5D-417B-A64B-51A0805BAF7C}.Release|x86.ActiveCfg = Release|Any CPU
		{997D0B1C-0A5D-417B-A64B-51A0805BAF7C}.Release|x86.Build.0 = Release|Any CPU
		{B1E8717A-91EC-40EE-AD6E-3EFAD4793098}.Debug|Any CPU.ActiveCfg = Debug|Any CPU
		{B1E8717A-91EC-40EE-AD6E-3EFAD4793098}.Debug|Any CPU.Build.0 = Debug|Any CPU
		{B1E8717A-91EC-40EE-AD6E-3EFAD4793098}.Debug|x64.ActiveCfg = Debug|Any CPU
		{B1E8717A-91EC-40EE-AD6E-3EFAD4793098}.Debug|x64.Build.0 = Debug|Any CPU
		{B1E8717A-91EC-40EE-AD6E-3EFAD4793098}.Debug|x86.ActiveCfg = Debug|Any CPU
		{B1E8717A-91EC-40EE-AD6E-3EFAD4793098}.Debug|x86.Build.0 = Debug|Any CPU
		{B1E8717A-91EC-40EE-AD6E-3EFAD4793098}.Release|Any CPU.ActiveCfg = Release|Any CPU
		{B1E8717A-91EC-40EE-AD6E-3EFAD4793098}.Release|Any CPU.Build.0 = Release|Any CPU
		{B1E8717A-91EC-40EE-AD6E-3EFAD4793098}.Release|x64.ActiveCfg = Release|Any CPU
		{B1E8717A-91EC-40EE-AD6E-3EFAD4793098}.Release|x64.Build.0 = Release|Any CPU
		{B1E8717A-91EC-40EE-AD6E-3EFAD4793098}.Release|x86.ActiveCfg = Release|Any CPU
		{B1E8717A-91EC-40EE-AD6E-3EFAD4793098}.Release|x86.Build.0 = Release|Any CPU
	EndGlobalSection
	GlobalSection(SolutionProperties) = preSolution
		HideSolutionNode = FALSE
	EndGlobalSection
	GlobalSection(NestedProjects) = preSolution
		{F7F1FC72-AD83-4348-B837-05F3CB0C2E57} = {827E0CD3-B72D-47B6-A68D-7590B98EB39B}
		{8E431D48-C8C1-44CA-B1DC-B073E7CB51F0} = {827E0CD3-B72D-47B6-A68D-7590B98EB39B}
		{F772D10B-26A0-4D6E-A4F5-68D7A7BC9451} = {827E0CD3-B72D-47B6-A68D-7590B98EB39B}
		{EBF87921-0A9F-43D4-A695-E4497800BA29} = {827E0CD3-B72D-47B6-A68D-7590B98EB39B}
		{595265E3-CC8F-4647-A95B-5C89D01661DF} = {0AB3BF05-4346-4AA6-1389-037BE0695223}
		{997D0B1C-0A5D-417B-A64B-51A0805BAF7C} = {0AB3BF05-4346-4AA6-1389-037BE0695223}
		{B1E8717A-91EC-40EE-AD6E-3EFAD4793098} = {0AB3BF05-4346-4AA6-1389-037BE0695223}
	EndGlobalSection
EndGlobal
